// !$*UTF8*$!
{
	archiveVersion = 1;
	classes = {
	};
	objectVersion = 55;
	objects = {

/* Begin PBXBuildFile section */
		E815DEAE288D6EF000B13FDD /* ItemsData.swift in Sources */ = {isa = PBXBuildFile; fileRef = E815DEAD288D6EF000B13FDD /* ItemsData.swift */; };
		E815DEB0288D6EFC00B13FDD /* APIManager.swift in Sources */ = {isa = PBXBuildFile; fileRef = E815DEAF288D6EFC00B13FDD /* APIManager.swift */; };
		E81C8A2C288D9770007E25C3 /* CartViewController.swift in Sources */ = {isa = PBXBuildFile; fileRef = E81C8A2B288D9770007E25C3 /* CartViewController.swift */; };
		E829215D289259C6003CF1CC /* LoginViewModel.swift in Sources */ = {isa = PBXBuildFile; fileRef = E829215C289259C6003CF1CC /* LoginViewModel.swift */; };
		E829215F2892738F003CF1CC /* SignUpViewModel.swift in Sources */ = {isa = PBXBuildFile; fileRef = E829215E2892738F003CF1CC /* SignUpViewModel.swift */; };
		E829216128928630003CF1CC /* HomeViewModel.swift in Sources */ = {isa = PBXBuildFile; fileRef = E829216028928630003CF1CC /* HomeViewModel.swift */; };
		E832F7FC2893A0A00098CAA5 /* SearchViewModel.swift in Sources */ = {isa = PBXBuildFile; fileRef = E832F7FB2893A0A00098CAA5 /* SearchViewModel.swift */; };
		E832F7FE2893A8D40098CAA5 /* DetailViewModel.swift in Sources */ = {isa = PBXBuildFile; fileRef = E832F7FD2893A8D40098CAA5 /* DetailViewModel.swift */; };
		E832F8002893B0E50098CAA5 /* CartViewModel.swift in Sources */ = {isa = PBXBuildFile; fileRef = E832F7FF2893B0E50098CAA5 /* CartViewModel.swift */; };
		E833D923288F91CE0033B251 /* Items.json in Resources */ = {isa = PBXBuildFile; fileRef = E833D922288F91CE0033B251 /* Items.json */; };
		E833D925288FBA960033B251 /* CartCollectionViewCell.swift in Sources */ = {isa = PBXBuildFile; fileRef = E833D924288FBA960033B251 /* CartCollectionViewCell.swift */; };
		E833D92728906EBE0033B251 /* SearchViewController.swift in Sources */ = {isa = PBXBuildFile; fileRef = E833D92628906EBE0033B251 /* SearchViewController.swift */; };
		E8E0BEF8288A5FDE005B61E5 /* AppDelegate.swift in Sources */ = {isa = PBXBuildFile; fileRef = E8E0BEF7288A5FDE005B61E5 /* AppDelegate.swift */; };
		E8E0BEFA288A5FDE005B61E5 /* SceneDelegate.swift in Sources */ = {isa = PBXBuildFile; fileRef = E8E0BEF9288A5FDE005B61E5 /* SceneDelegate.swift */; };
		E8E0BEFC288A5FDE005B61E5 /* LoginViewController.swift in Sources */ = {isa = PBXBuildFile; fileRef = E8E0BEFB288A5FDE005B61E5 /* LoginViewController.swift */; };
		E8E0BEFF288A5FDE005B61E5 /* Main.storyboard in Resources */ = {isa = PBXBuildFile; fileRef = E8E0BEFD288A5FDE005B61E5 /* Main.storyboard */; };
		E8E0BF02288A5FDE005B61E5 /* ShoppingAppNewDesign.xcdatamodeld in Sources */ = {isa = PBXBuildFile; fileRef = E8E0BF00288A5FDE005B61E5 /* ShoppingAppNewDesign.xcdatamodeld */; };
		E8E0BF04288A5FDF005B61E5 /* Assets.xcassets in Resources */ = {isa = PBXBuildFile; fileRef = E8E0BF03288A5FDF005B61E5 /* Assets.xcassets */; };
		E8E0BF07288A5FDF005B61E5 /* LaunchScreen.storyboard in Resources */ = {isa = PBXBuildFile; fileRef = E8E0BF05288A5FDF005B61E5 /* LaunchScreen.storyboard */; };
		E8E0BF0F288BA953005B61E5 /* SignUpViewController.swift in Sources */ = {isa = PBXBuildFile; fileRef = E8E0BF0E288BA953005B61E5 /* SignUpViewController.swift */; };
		E8E0BF31288D0A22005B61E5 /* HomeViewController.swift in Sources */ = {isa = PBXBuildFile; fileRef = E8E0BF30288D0A22005B61E5 /* HomeViewController.swift */; };
		E8E0BF34288D0B14005B61E5 /* ItemCollectionViewCell.swift in Sources */ = {isa = PBXBuildFile; fileRef = E8E0BF32288D0B14005B61E5 /* ItemCollectionViewCell.swift */; };
		E8E0BF35288D0B14005B61E5 /* ItemCollectionViewCell.xib in Resources */ = {isa = PBXBuildFile; fileRef = E8E0BF33288D0B14005B61E5 /* ItemCollectionViewCell.xib */; };
		E8E0BF37288D16D6005B61E5 /* DetailViewController.swift in Sources */ = {isa = PBXBuildFile; fileRef = E8E0BF36288D16D6005B61E5 /* DetailViewController.swift */; };
/* End PBXBuildFile section */

/* Begin PBXFileReference section */
		E815DEAD288D6EF000B13FDD /* ItemsData.swift */ = {isa = PBXFileReference; fileEncoding = 4; lastKnownFileType = sourcecode.swift; path = ItemsData.swift; sourceTree = "<group>"; };
		E815DEAF288D6EFC00B13FDD /* APIManager.swift */ = {isa = PBXFileReference; fileEncoding = 4; lastKnownFileType = sourcecode.swift; path = APIManager.swift; sourceTree = "<group>"; };
		E81C8A2B288D9770007E25C3 /* CartViewController.swift */ = {isa = PBXFileReference; lastKnownFileType = sourcecode.swift; path = CartViewController.swift; sourceTree = "<group>"; };
		E829215C289259C6003CF1CC /* LoginViewModel.swift */ = {isa = PBXFileReference; lastKnownFileType = sourcecode.swift; path = LoginViewModel.swift; sourceTree = "<group>"; };
		E829215E2892738F003CF1CC /* SignUpViewModel.swift */ = {isa = PBXFileReference; lastKnownFileType = sourcecode.swift; path = SignUpViewModel.swift; sourceTree = "<group>"; };
		E829216028928630003CF1CC /* HomeViewModel.swift */ = {isa = PBXFileReference; lastKnownFileType = sourcecode.swift; path = HomeViewModel.swift; sourceTree = "<group>"; };
		E832F7FB2893A0A00098CAA5 /* SearchViewModel.swift */ = {isa = PBXFileReference; lastKnownFileType = sourcecode.swift; path = SearchViewModel.swift; sourceTree = "<group>"; };
		E832F7FD2893A8D40098CAA5 /* DetailViewModel.swift */ = {isa = PBXFileReference; lastKnownFileType = sourcecode.swift; path = DetailViewModel.swift; sourceTree = "<group>"; };
		E832F7FF2893B0E50098CAA5 /* CartViewModel.swift */ = {isa = PBXFileReference; lastKnownFileType = sourcecode.swift; path = CartViewModel.swift; sourceTree = "<group>"; };
		E833D922288F91CE0033B251 /* Items.json */ = {isa = PBXFileReference; fileEncoding = 4; lastKnownFileType = text.json; path = Items.json; sourceTree = "<group>"; };
		E833D924288FBA960033B251 /* CartCollectionViewCell.swift */ = {isa = PBXFileReference; lastKnownFileType = sourcecode.swift; path = CartCollectionViewCell.swift; sourceTree = "<group>"; };
		E833D92628906EBE0033B251 /* SearchViewController.swift */ = {isa = PBXFileReference; lastKnownFileType = sourcecode.swift; path = SearchViewController.swift; sourceTree = "<group>"; };
		E8E0BEF4288A5FDE005B61E5 /* ShoppingAppNewDesign.app */ = {isa = PBXFileReference; explicitFileType = wrapper.application; includeInIndex = 0; path = ShoppingAppNewDesign.app; sourceTree = BUILT_PRODUCTS_DIR; };
		E8E0BEF7288A5FDE005B61E5 /* AppDelegate.swift */ = {isa = PBXFileReference; lastKnownFileType = sourcecode.swift; path = AppDelegate.swift; sourceTree = "<group>"; };
		E8E0BEF9288A5FDE005B61E5 /* SceneDelegate.swift */ = {isa = PBXFileReference; lastKnownFileType = sourcecode.swift; path = SceneDelegate.swift; sourceTree = "<group>"; };
		E8E0BEFB288A5FDE005B61E5 /* LoginViewController.swift */ = {isa = PBXFileReference; lastKnownFileType = sourcecode.swift; path = LoginViewController.swift; sourceTree = "<group>"; };
		E8E0BEFE288A5FDE005B61E5 /* Base */ = {isa = PBXFileReference; lastKnownFileType = file.storyboard; name = Base; path = Base.lproj/Main.storyboard; sourceTree = "<group>"; };
		E8E0BF01288A5FDE005B61E5 /* ShoppingAppNewDesign.xcdatamodel */ = {isa = PBXFileReference; lastKnownFileType = wrapper.xcdatamodel; path = ShoppingAppNewDesign.xcdatamodel; sourceTree = "<group>"; };
		E8E0BF03288A5FDF005B61E5 /* Assets.xcassets */ = {isa = PBXFileReference; lastKnownFileType = folder.assetcatalog; path = Assets.xcassets; sourceTree = "<group>"; };
		E8E0BF06288A5FDF005B61E5 /* Base */ = {isa = PBXFileReference; lastKnownFileType = file.storyboard; name = Base; path = Base.lproj/LaunchScreen.storyboard; sourceTree = "<group>"; };
		E8E0BF08288A5FDF005B61E5 /* Info.plist */ = {isa = PBXFileReference; lastKnownFileType = text.plist.xml; path = Info.plist; sourceTree = "<group>"; };
		E8E0BF0E288BA953005B61E5 /* SignUpViewController.swift */ = {isa = PBXFileReference; lastKnownFileType = sourcecode.swift; path = SignUpViewController.swift; sourceTree = "<group>"; };
		E8E0BF30288D0A22005B61E5 /* HomeViewController.swift */ = {isa = PBXFileReference; lastKnownFileType = sourcecode.swift; path = HomeViewController.swift; sourceTree = "<group>"; };
		E8E0BF32288D0B14005B61E5 /* ItemCollectionViewCell.swift */ = {isa = PBXFileReference; lastKnownFileType = sourcecode.swift; path = ItemCollectionViewCell.swift; sourceTree = "<group>"; };
		E8E0BF33288D0B14005B61E5 /* ItemCollectionViewCell.xib */ = {isa = PBXFileReference; lastKnownFileType = file.xib; path = ItemCollectionViewCell.xib; sourceTree = "<group>"; };
		E8E0BF36288D16D6005B61E5 /* DetailViewController.swift */ = {isa = PBXFileReference; lastKnownFileType = sourcecode.swift; path = DetailViewController.swift; sourceTree = "<group>"; };
/* End PBXFileReference section */

/* Begin PBXFrameworksBuildPhase section */
		E8E0BEF1288A5FDE005B61E5 /* Frameworks */ = {
			isa = PBXFrameworksBuildPhase;
			buildActionMask = 2147483647;
			files = (
			);
			runOnlyForDeploymentPostprocessing = 0;
		};
/* End PBXFrameworksBuildPhase section */

/* Begin PBXGroup section */
		E832F8012893E1A60098CAA5 /* Model */ = {
			isa = PBXGroup;
			children = (
				E815DEAD288D6EF000B13FDD /* ItemsData.swift */,
			);
			path = Model;
			sourceTree = "<group>";
		};
		E832F8032893E1B80098CAA5 /* Views */ = {
			isa = PBXGroup;
			children = (
				E8E0BEFB288A5FDE005B61E5 /* LoginViewController.swift */,
				E8E0BF0E288BA953005B61E5 /* SignUpViewController.swift */,
				E8E0BF30288D0A22005B61E5 /* HomeViewController.swift */,
				E8E0BF32288D0B14005B61E5 /* ItemCollectionViewCell.swift */,
				E8E0BF33288D0B14005B61E5 /* ItemCollectionViewCell.xib */,
				E833D92628906EBE0033B251 /* SearchViewController.swift */,
				E8E0BF36288D16D6005B61E5 /* DetailViewController.swift */,
				E81C8A2B288D9770007E25C3 /* CartViewController.swift */,
				E833D924288FBA960033B251 /* CartCollectionViewCell.swift */,
			);
			path = Views;
			sourceTree = "<group>";
		};
		E832F8042893E1C20098CAA5 /* ViewModels */ = {
			isa = PBXGroup;
			children = (
				E829215C289259C6003CF1CC /* LoginViewModel.swift */,
				E829215E2892738F003CF1CC /* SignUpViewModel.swift */,
				E829216028928630003CF1CC /* HomeViewModel.swift */,
				E832F7FB2893A0A00098CAA5 /* SearchViewModel.swift */,
				E832F7FD2893A8D40098CAA5 /* DetailViewModel.swift */,
				E832F7FF2893B0E50098CAA5 /* CartViewModel.swift */,
			);
			path = ViewModels;
			sourceTree = "<group>";
		};
		E8E0BEEB288A5FDE005B61E5 = {
			isa = PBXGroup;
			children = (
				E8E0BEF6288A5FDE005B61E5 /* ShoppingAppNewDesign */,
				E8E0BEF5288A5FDE005B61E5 /* Products */,
			);
			sourceTree = "<group>";
		};
		E8E0BEF5288A5FDE005B61E5 /* Products */ = {
			isa = PBXGroup;
			children = (
				E8E0BEF4288A5FDE005B61E5 /* ShoppingAppNewDesign.app */,
			);
			name = Products;
			sourceTree = "<group>";
		};
		E8E0BEF6288A5FDE005B61E5 /* ShoppingAppNewDesign */ = {
			isa = PBXGroup;
			children = (
				E8E0BEF7288A5FDE005B61E5 /* AppDelegate.swift */,
				E8E0BEF9288A5FDE005B61E5 /* SceneDelegate.swift */,
				E832F8042893E1C20098CAA5 /* ViewModels */,
				E832F8032893E1B80098CAA5 /* Views */,
				E832F8012893E1A60098CAA5 /* Model */,
				E8E0BEFD288A5FDE005B61E5 /* Main.storyboard */,
				E815DEAF288D6EFC00B13FDD /* APIManager.swift */,
				E833D922288F91CE0033B251 /* Items.json */,
				E8E0BF03288A5FDF005B61E5 /* Assets.xcassets */,
				E8E0BF05288A5FDF005B61E5 /* LaunchScreen.storyboard */,
				E8E0BF08288A5FDF005B61E5 /* Info.plist */,
				E8E0BF00288A5FDE005B61E5 /* ShoppingAppNewDesign.xcdatamodeld */,
			);
			path = ShoppingAppNewDesign;
			sourceTree = "<group>";
		};
/* End PBXGroup section */

/* Begin PBXNativeTarget section */
		E8E0BEF3288A5FDE005B61E5 /* ShoppingAppNewDesign */ = {
			isa = PBXNativeTarget;
			buildConfigurationList = E8E0BF0B288A5FDF005B61E5 /* Build configuration list for PBXNativeTarget "ShoppingAppNewDesign" */;
			buildPhases = (
				E8E0BEF0288A5FDE005B61E5 /* Sources */,
				E8E0BEF1288A5FDE005B61E5 /* Frameworks */,
				E8E0BEF2288A5FDE005B61E5 /* Resources */,
			);
			buildRules = (
			);
			dependencies = (
			);
			name = ShoppingAppNewDesign;
			productName = ShoppingAppNewDesign;
			productReference = E8E0BEF4288A5FDE005B61E5 /* ShoppingAppNewDesign.app */;
			productType = "com.apple.product-type.application";
		};
/* End PBXNativeTarget section */

/* Begin PBXProject section */
		E8E0BEEC288A5FDE005B61E5 /* Project object */ = {
			isa = PBXProject;
			attributes = {
				BuildIndependentTargetsInParallel = 1;
				LastSwiftUpdateCheck = 1340;
				LastUpgradeCheck = 1340;
				TargetAttributes = {
					E8E0BEF3288A5FDE005B61E5 = {
						CreatedOnToolsVersion = 13.4.1;
					};
				};
			};
			buildConfigurationList = E8E0BEEF288A5FDE005B61E5 /* Build configuration list for PBXProject "ShoppingAppNewDesign" */;
			compatibilityVersion = "Xcode 13.0";
			developmentRegion = en;
			hasScannedForEncodings = 0;
			knownRegions = (
				en,
				Base,
			);
			mainGroup = E8E0BEEB288A5FDE005B61E5;
			productRefGroup = E8E0BEF5288A5FDE005B61E5 /* Products */;
			projectDirPath = "";
			projectRoot = "";
			targets = (
				E8E0BEF3288A5FDE005B61E5 /* ShoppingAppNewDesign */,
			);
		};
/* End PBXProject section */

/* Begin PBXResourcesBuildPhase section */
		E8E0BEF2288A5FDE005B61E5 /* Resources */ = {
			isa = PBXResourcesBuildPhase;
			buildActionMask = 2147483647;
			files = (
				E833D923288F91CE0033B251 /* Items.json in Resources */,
				E8E0BF07288A5FDF005B61E5 /* LaunchScreen.storyboard in Resources */,
				E8E0BF35288D0B14005B61E5 /* ItemCollectionViewCell.xib in Resources */,
				E8E0BF04288A5FDF005B61E5 /* Assets.xcassets in Resources */,
				E8E0BEFF288A5FDE005B61E5 /* Main.storyboard in Resources */,
			);
			runOnlyForDeploymentPostprocessing = 0;
		};
/* End PBXResourcesBuildPhase section */

/* Begin PBXSourcesBuildPhase section */
		E8E0BEF0288A5FDE005B61E5 /* Sources */ = {
			isa = PBXSourcesBuildPhase;
			buildActionMask = 2147483647;
			files = (
				E815DEAE288D6EF000B13FDD /* ItemsData.swift in Sources */,
				E8E0BEFC288A5FDE005B61E5 /* LoginViewController.swift in Sources */,
				E815DEB0288D6EFC00B13FDD /* APIManager.swift in Sources */,
				E832F8002893B0E50098CAA5 /* CartViewModel.swift in Sources */,
				E829216128928630003CF1CC /* HomeViewModel.swift in Sources */,
				E8E0BEF8288A5FDE005B61E5 /* AppDelegate.swift in Sources */,
				E833D925288FBA960033B251 /* CartCollectionViewCell.swift in Sources */,
				E8E0BF02288A5FDE005B61E5 /* ShoppingAppNewDesign.xcdatamodeld in Sources */,
				E829215D289259C6003CF1CC /* LoginViewModel.swift in Sources */,
				E829215F2892738F003CF1CC /* SignUpViewModel.swift in Sources */,
				E8E0BEFA288A5FDE005B61E5 /* SceneDelegate.swift in Sources */,
				E8E0BF0F288BA953005B61E5 /* SignUpViewController.swift in Sources */,
				E833D92728906EBE0033B251 /* SearchViewController.swift in Sources */,
				E81C8A2C288D9770007E25C3 /* CartViewController.swift in Sources */,
				E832F7FE2893A8D40098CAA5 /* DetailViewModel.swift in Sources */,
				E8E0BF31288D0A22005B61E5 /* HomeViewController.swift in Sources */,
				E832F7FC2893A0A00098CAA5 /* SearchViewModel.swift in Sources */,
				E8E0BF34288D0B14005B61E5 /* ItemCollectionViewCell.swift in Sources */,
				E8E0BF37288D16D6005B61E5 /* DetailViewController.swift in Sources */,
			);
			runOnlyForDeploymentPostprocessing = 0;
		};
/* End PBXSourcesBuildPhase section */

/* Begin PBXVariantGroup section */
		E8E0BEFD288A5FDE005B61E5 /* Main.storyboard */ = {
			isa = PBXVariantGroup;
			children = (
				E8E0BEFE288A5FDE005B61E5 /* Base */,
			);
			name = Main.storyboard;
			sourceTree = "<group>";
		};
		E8E0BF05288A5FDF005B61E5 /* LaunchScreen.storyboard */ = {
			isa = PBXVariantGroup;
			children = (
				E8E0BF06288A5FDF005B61E5 /* Base */,
			);
			name = LaunchScreen.storyboard;
			sourceTree = "<group>";
		};
/* End PBXVariantGroup section */

/* Begin XCBuildConfiguration section */
		E8E0BF09288A5FDF005B61E5 /* Debug */ = {
			isa = XCBuildConfiguration;
			buildSettings = {
				ALWAYS_SEARCH_USER_PATHS = NO;
				CLANG_ANALYZER_NONNULL = YES;
				CLANG_ANALYZER_NUMBER_OBJECT_CONVERSION = YES_AGGRESSIVE;
				CLANG_CXX_LANGUAGE_STANDARD = "gnu++17";
				CLANG_ENABLE_MODULES = YES;
				CLANG_ENABLE_OBJC_ARC = YES;
				CLANG_ENABLE_OBJC_WEAK = YES;
				CLANG_WARN_BLOCK_CAPTURE_AUTORELEASING = YES;
				CLANG_WARN_BOOL_CONVERSION = YES;
				CLANG_WARN_COMMA = YES;
				CLANG_WARN_CONSTANT_CONVERSION = YES;
				CLANG_WARN_DEPRECATED_OBJC_IMPLEMENTATIONS = YES;
				CLANG_WARN_DIRECT_OBJC_ISA_USAGE = YES_ERROR;
				CLANG_WARN_DOCUMENTATION_COMMENTS = YES;
				CLANG_WARN_EMPTY_BODY = YES;
				CLANG_WARN_ENUM_CONVERSION = YES;
				CLANG_WARN_INFINITE_RECURSION = YES;
				CLANG_WARN_INT_CONVERSION = YES;
				CLANG_WARN_NON_LITERAL_NULL_CONVERSION = YES;
				CLANG_WARN_OBJC_IMPLICIT_RETAIN_SELF = YES;
				CLANG_WARN_OBJC_LITERAL_CONVERSION = YES;
				CLANG_WARN_OBJC_ROOT_CLASS = YES_ERROR;
				CLANG_WARN_QUOTED_INCLUDE_IN_FRAMEWORK_HEADER = YES;
				CLANG_WARN_RANGE_LOOP_ANALYSIS = YES;
				CLANG_WARN_STRICT_PROTOTYPES = YES;
				CLANG_WARN_SUSPICIOUS_MOVE = YES;
				CLANG_WARN_UNGUARDED_AVAILABILITY = YES_AGGRESSIVE;
				CLANG_WARN_UNREACHABLE_CODE = YES;
				CLANG_WARN__DUPLICATE_METHOD_MATCH = YES;
				COPY_PHASE_STRIP = NO;
				DEBUG_INFORMATION_FORMAT = dwarf;
				ENABLE_STRICT_OBJC_MSGSEND = YES;
				ENABLE_TESTABILITY = YES;
				GCC_C_LANGUAGE_STANDARD = gnu11;
				GCC_DYNAMIC_NO_PIC = NO;
				GCC_NO_COMMON_BLOCKS = YES;
				GCC_OPTIMIZATION_LEVEL = 0;
				GCC_PREPROCESSOR_DEFINITIONS = (
					"DEBUG=1",
					"$(inherited)",
				);
				GCC_WARN_64_TO_32_BIT_CONVERSION = YES;
				GCC_WARN_ABOUT_RETURN_TYPE = YES_ERROR;
				GCC_WARN_UNDECLARED_SELECTOR = YES;
				GCC_WARN_UNINITIALIZED_AUTOS = YES_AGGRESSIVE;
				GCC_WARN_UNUSED_FUNCTION = YES;
				GCC_WARN_UNUSED_VARIABLE = YES;
				IPHONEOS_DEPLOYMENT_TARGET = 15.5;
				MTL_ENABLE_DEBUG_INFO = INCLUDE_SOURCE;
				MTL_FAST_MATH = YES;
				ONLY_ACTIVE_ARCH = YES;
				SDKROOT = iphoneos;
				SWIFT_ACTIVE_COMPILATION_CONDITIONS = DEBUG;
				SWIFT_OPTIMIZATION_LEVEL = "-Onone";
			};
			name = Debug;
		};
		E8E0BF0A288A5FDF005B61E5 /* Release */ = {
			isa = XCBuildConfiguration;
			buildSettings = {
				ALWAYS_SEARCH_USER_PATHS = NO;
				CLANG_ANALYZER_NONNULL = YES;
				CLANG_ANALYZER_NUMBER_OBJECT_CONVERSION = YES_AGGRESSIVE;
				CLANG_CXX_LANGUAGE_STANDARD = "gnu++17";
				CLANG_ENABLE_MODULES = YES;
				CLANG_ENABLE_OBJC_ARC = YES;
				CLANG_ENABLE_OBJC_WEAK = YES;
				CLANG_WARN_BLOCK_CAPTURE_AUTORELEASING = YES;
				CLANG_WARN_BOOL_CONVERSION = YES;
				CLANG_WARN_COMMA = YES;
				CLANG_WARN_CONSTANT_CONVERSION = YES;
				CLANG_WARN_DEPRECATED_OBJC_IMPLEMENTATIONS = YES;
				CLANG_WARN_DIRECT_OBJC_ISA_USAGE = YES_ERROR;
				CLANG_WARN_DOCUMENTATION_COMMENTS = YES;
				CLANG_WARN_EMPTY_BODY = YES;
				CLANG_WARN_ENUM_CONVERSION = YES;
				CLANG_WARN_INFINITE_RECURSION = YES;
				CLANG_WARN_INT_CONVERSION = YES;
				CLANG_WARN_NON_LITERAL_NULL_CONVERSION = YES;
				CLANG_WARN_OBJC_IMPLICIT_RETAIN_SELF = YES;
				CLANG_WARN_OBJC_LITERAL_CONVERSION = YES;
				CLANG_WARN_OBJC_ROOT_CLASS = YES_ERROR;
				CLANG_WARN_QUOTED_INCLUDE_IN_FRAMEWORK_HEADER = YES;
				CLANG_WARN_RANGE_LOOP_ANALYSIS = YES;
				CLANG_WARN_STRICT_PROTOTYPES = YES;
				CLANG_WARN_SUSPICIOUS_MOVE = YES;
				CLANG_WARN_UNGUARDED_AVAILABILITY = YES_AGGRESSIVE;
				CLANG_WARN_UNREACHABLE_CODE = YES;
				CLANG_WARN__DUPLICATE_METHOD_MATCH = YES;
				COPY_PHASE_STRIP = NO;
				DEBUG_INFORMATION_FORMAT = "dwarf-with-dsym";
				ENABLE_NS_ASSERTIONS = NO;
				ENABLE_STRICT_OBJC_MSGSEND = YES;
				GCC_C_LANGUAGE_STANDARD = gnu11;
				GCC_NO_COMMON_BLOCKS = YES;
				GCC_WARN_64_TO_32_BIT_CONVERSION = YES;
				GCC_WARN_ABOUT_RETURN_TYPE = YES_ERROR;
				GCC_WARN_UNDECLARED_SELECTOR = YES;
				GCC_WARN_UNINITIALIZED_AUTOS = YES_AGGRESSIVE;
				GCC_WARN_UNUSED_FUNCTION = YES;
				GCC_WARN_UNUSED_VARIABLE = YES;
				IPHONEOS_DEPLOYMENT_TARGET = 15.5;
				MTL_ENABLE_DEBUG_INFO = NO;
				MTL_FAST_MATH = YES;
				SDKROOT = iphoneos;
				SWIFT_COMPILATION_MODE = wholemodule;
				SWIFT_OPTIMIZATION_LEVEL = "-O";
				VALIDATE_PRODUCT = YES;
			};
			name = Release;
		};
		E8E0BF0C288A5FDF005B61E5 /* Debug */ = {
			isa = XCBuildConfiguration;
			buildSettings = {
				ASSETCATALOG_COMPILER_APPICON_NAME = AppIcon;
				ASSETCATALOG_COMPILER_GLOBAL_ACCENT_COLOR_NAME = AccentColor;
				CODE_SIGN_STYLE = Automatic;
				CURRENT_PROJECT_VERSION = 1;
				DEVELOPMENT_TEAM = NL7XC9UDFY;
				GENERATE_INFOPLIST_FILE = YES;
				INFOPLIST_FILE = ShoppingAppNewDesign/Info.plist;
				INFOPLIST_KEY_CFBundleDisplayName = LJShop;
				INFOPLIST_KEY_UIApplicationSupportsIndirectInputEvents = YES;
				INFOPLIST_KEY_UILaunchStoryboardName = LaunchScreen;
				INFOPLIST_KEY_UIMainStoryboardFile = Main;
				INFOPLIST_KEY_UISupportedInterfaceOrientations_iPad = "UIInterfaceOrientationPortrait UIInterfaceOrientationPortraitUpsideDown UIInterfaceOrientationLandscapeLeft UIInterfaceOrientationLandscapeRight";
				INFOPLIST_KEY_UISupportedInterfaceOrientations_iPhone = "UIInterfaceOrientationPortrait UIInterfaceOrientationLandscapeLeft UIInterfaceOrientationLandscapeRight";
				LD_RUNPATH_SEARCH_PATHS = (
					"$(inherited)",
					"@executable_path/Frameworks",
				);
				MARKETING_VERSION = 1.0;
				PRODUCT_BUNDLE_IDENTIFIER = LJ.joji.ShoppingAppNewDesign;
				PRODUCT_NAME = "$(TARGET_NAME)";
				SWIFT_EMIT_LOC_STRINGS = YES;
				SWIFT_VERSION = 5.0;
				TARGETED_DEVICE_FAMILY = 1;
			};
			name = Debug;
		};
		E8E0BF0D288A5FDF005B61E5 /* Release */ = {
			isa = XCBuildConfiguration;
			buildSettings = {
				ASSETCATALOG_COMPILER_APPICON_NAME = AppIcon;
				ASSETCATALOG_COMPILER_GLOBAL_ACCENT_COLOR_NAME = AccentColor;
				CODE_SIGN_STYLE = Automatic;
				CURRENT_PROJECT_VERSION = 1;
				DEVELOPMENT_TEAM = NL7XC9UDFY;
				GENERATE_INFOPLIST_FILE = YES;
				INFOPLIST_FILE = ShoppingAppNewDesign/Info.plist;
				INFOPLIST_KEY_CFBundleDisplayName = LJShop;
				INFOPLIST_KEY_UIApplicationSupportsIndirectInputEvents = YES;
				INFOPLIST_KEY_UILaunchStoryboardName = LaunchScreen;
				INFOPLIST_KEY_UIMainStoryboardFile = Main;
				INFOPLIST_KEY_UISupportedInterfaceOrientations_iPad = "UIInterfaceOrientationPortrait UIInterfaceOrientationPortraitUpsideDown UIInterfaceOrientationLandscapeLeft UIInterfaceOrientationLandscapeRight";
				INFOPLIST_KEY_UISupportedInterfaceOrientations_iPhone = "UIInterfaceOrientationPortrait UIInterfaceOrientationLandscapeLeft UIInterfaceOrientationLandscapeRight";
				LD_RUNPATH_SEARCH_PATHS = (
					"$(inherited)",
					"@executable_path/Frameworks",
				);
				MARKETING_VERSION = 1.0;
				PRODUCT_BUNDLE_IDENTIFIER = LJ.joji.ShoppingAppNewDesign;
				PRODUCT_NAME = "$(TARGET_NAME)";
				SWIFT_EMIT_LOC_STRINGS = YES;
				SWIFT_VERSION = 5.0;
				TARGETED_DEVICE_FAMILY = 1;
			};
			name = Release;
		};
/* End XCBuildConfiguration section */

/* Begin XCConfigurationList section */
		E8E0BEEF288A5FDE005B61E5 /* Build configuration list for PBXProject "ShoppingAppNewDesign" */ = {
			isa = XCConfigurationList;
			buildConfigurations = (
				E8E0BF09288A5FDF005B61E5 /* Debug */,
				E8E0BF0A288A5FDF005B61E5 /* Release */,
			);
			defaultConfigurationIsVisible = 0;
			defaultConfigurationName = Release;
		};
		E8E0BF0B288A5FDF005B61E5 /* Build configuration list for PBXNativeTarget "ShoppingAppNewDesign" */ = {
			isa = XCConfigurationList;
			buildConfigurations = (
				E8E0BF0C288A5FDF005B61E5 /* Debug */,
				E8E0BF0D288A5FDF005B61E5 /* Release */,
			);
			defaultConfigurationIsVisible = 0;
			defaultConfigurationName = Release;
		};
/* End XCConfigurationList section */

/* Begin XCVersionGroup section */
		E8E0BF00288A5FDE005B61E5 /* ShoppingAppNewDesign.xcdatamodeld */ = {
			isa = XCVersionGroup;
			children = (
				E8E0BF01288A5FDE005B61E5 /* ShoppingAppNewDesign.xcdatamodel */,
			);
			currentVersion = E8E0BF01288A5FDE005B61E5 /* ShoppingAppNewDesign.xcdatamodel */;
			path = ShoppingAppNewDesign.xcdatamodeld;
			sourceTree = "<group>";
			versionGroupType = wrapper.xcdatamodel;
		};
/* End XCVersionGroup section */
	};
	rootObject = E8E0BEEC288A5FDE005B61E5 /* Project object */;
}
